
Microsoft Visual Studio Solution File, Format Version 12.00
# Visual Studio 15
VisualStudioVersion = 15.0.28307.1259
MinimumVisualStudioVersion = 10.0.40219.1
Project("{FAE04EC0-301F-11D3-BF4B-00C04F79EFBC}") = "just_try", "just_try.csproj", "{9C956547-73ED-4E58-B2BB-5910CB4AF54F}"
EndProject
Global
	GlobalSection(SolutionConfigurationPlatforms) = preSolution
		Debug|Any CPU = Debug|Any CPU
		Release|Any CPU = Release|Any CPU
	EndGlobalSection
	GlobalSection(ProjectConfigurationPlatforms) = postSolution
		{9C956547-73ED-4E58-B2BB-5910CB4AF54F}.Debug|Any CPU.ActiveCfg = Debug|Any CPU
		{9C956547-73ED-4E58-B2BB-5910CB4AF54F}.Debug|Any CPU.Build.0 = Debug|Any CPU
		{9C956547-73ED-4E58-B2BB-5910CB4AF54F}.Release|Any CPU.ActiveCfg = Release|Any CPU
		{9C956547-73ED-4E58-B2BB-5910CB4AF54F}.Release|Any CPU.Build.0 = Release|Any CPU
	EndGlobalSection
	GlobalSection(SolutionProperties) = preSolution
		HideSolutionNode = FALSE
	EndGlobalSection
	GlobalSection(ExtensibilityGlobals) = postSolution
		SolutionGuid = {154E81A4-1EAA-4F5D-8EB5-86305E9A1554}
	EndGlobalSection
EndGlobal
